// !$*UTF8*$!
{
	archiveVersion = 1;
	classes = {
	};
	objectVersion = 51;
	objects = {

/* Begin PBXBuildFile section */
		A10D4F80B56FBE90A1E1BA00 /* Pods_Namshi.framework in Frameworks */ = {isa = PBXBuildFile; fileRef = AB64F6732847FAA79363E330 /* Pods_Namshi.framework */; };
		C3FC703B92F5227D7A210871 /* Pods_NamshiTests.framework in Frameworks */ = {isa = PBXBuildFile; fileRef = CC60B06BF6B3DB8715721AD1 /* Pods_NamshiTests.framework */; };
		E7F3BA26CE770E4CF5D33535 /* Pods_Namshi_NamshiUITests.framework in Frameworks */ = {isa = PBXBuildFile; fileRef = 205946454CA73BC182D66DC1 /* Pods_Namshi_NamshiUITests.framework */; };
		FA40835F257E667200485509 /* TypesOfClothesViewController.swift in Sources */ = {isa = PBXBuildFile; fileRef = FA40835E257E667200485509 /* TypesOfClothesViewController.swift */; };
		FA408364257E6B0C00485509 /* TypesOfClothesViewModel.swift in Sources */ = {isa = PBXBuildFile; fileRef = FA408363257E6B0C00485509 /* TypesOfClothesViewModel.swift */; };
		FA40836A257E9AE500485509 /* ClothesDetailedViewController.swift in Sources */ = {isa = PBXBuildFile; fileRef = FA408369257E9AE500485509 /* ClothesDetailedViewController.swift */; };
		FA40836F257E9AFD00485509 /* ClothesDetailedViewModel.swift in Sources */ = {isa = PBXBuildFile; fileRef = FA40836E257E9AFD00485509 /* ClothesDetailedViewModel.swift */; };
		FA5390C525856A6E009389E9 /* ClothesPhotosViewDelegate.swift in Sources */ = {isa = PBXBuildFile; fileRef = FA5390C425856A6E009389E9 /* ClothesPhotosViewDelegate.swift */; };
		FA9DF80E2574EB640039FC18 /* NavigatedToAware.swift in Sources */ = {isa = PBXBuildFile; fileRef = FA9DF80A2574EB640039FC18 /* NavigatedToAware.swift */; };
		FA9DF80F2574EB640039FC18 /* MVVMViewController.swift in Sources */ = {isa = PBXBuildFile; fileRef = FA9DF80B2574EB640039FC18 /* MVVMViewController.swift */; };
		FA9DF8102574EB640039FC18 /* Router.swift in Sources */ = {isa = PBXBuildFile; fileRef = FA9DF80C2574EB640039FC18 /* Router.swift */; };
		FA9DF8112574EB640039FC18 /* DIContainerConfigurator.swift in Sources */ = {isa = PBXBuildFile; fileRef = FA9DF80D2574EB640039FC18 /* DIContainerConfigurator.swift */; };
		FA9DF81B2574EC7C0039FC18 /* StringExtensions.swift in Sources */ = {isa = PBXBuildFile; fileRef = FA9DF8162574EC7C0039FC18 /* StringExtensions.swift */; };
		FA9DF81C2574EC7C0039FC18 /* UIViewExtensions.swift in Sources */ = {isa = PBXBuildFile; fileRef = FA9DF8172574EC7C0039FC18 /* UIViewExtensions.swift */; };
		FA9DF81D2574EC7C0039FC18 /* NSObjectExtensions.swift in Sources */ = {isa = PBXBuildFile; fileRef = FA9DF8182574EC7C0039FC18 /* NSObjectExtensions.swift */; };
		FA9DF81E2574EC7C0039FC18 /* UIApplicationExtensions.swift in Sources */ = {isa = PBXBuildFile; fileRef = FA9DF8192574EC7C0039FC18 /* UIApplicationExtensions.swift */; };
		FA9DF81F2574EC7C0039FC18 /* UIColorExtensions.swift in Sources */ = {isa = PBXBuildFile; fileRef = FA9DF81A2574EC7C0039FC18 /* UIColorExtensions.swift */; };
		FA9DF8272574ECA20039FC18 /* StringResources.swift in Sources */ = {isa = PBXBuildFile; fileRef = FA9DF8242574ECA20039FC18 /* StringResources.swift */; };
		FA9DF8292574ECA20039FC18 /* Colors.swift in Sources */ = {isa = PBXBuildFile; fileRef = FA9DF8262574ECA20039FC18 /* Colors.swift */; };
		FA9DF8792574ED050039FC18 /* BaseViewController.swift in Sources */ = {isa = PBXBuildFile; fileRef = FA9DF85A2574ED050039FC18 /* BaseViewController.swift */; };
		FA9DF8922574F4710039FC18 /* GlobalStyles.swift in Sources */ = {isa = PBXBuildFile; fileRef = FA9DF8912574F4710039FC18 /* GlobalStyles.swift */; };
		FA9DF8B72574F9730039FC18 /* logo.png in Resources */ = {isa = PBXBuildFile; fileRef = FA9DF8B62574F9730039FC18 /* logo.png */; };
		FA9DF8D3257512840039FC18 /* MainTabBarViewController.swift in Sources */ = {isa = PBXBuildFile; fileRef = FA9DF8D1257512840039FC18 /* MainTabBarViewController.swift */; };
		FA9DF8E2257553B00039FC18 /* HomeViewController.swift in Sources */ = {isa = PBXBuildFile; fileRef = FA9DF8E1257553B00039FC18 /* HomeViewController.swift */; };
		FA9DF8EB257553FA0039FC18 /* HomeViewModel.swift in Sources */ = {isa = PBXBuildFile; fileRef = FA9DF8EA257553FA0039FC18 /* HomeViewModel.swift */; };
		FA9DF8F3257563F50039FC18 /* CatalogViewController.swift in Sources */ = {isa = PBXBuildFile; fileRef = FA9DF8F2257563F50039FC18 /* CatalogViewController.swift */; };
		FA9DF8F9257564270039FC18 /* CatalogViewModel.swift in Sources */ = {isa = PBXBuildFile; fileRef = FA9DF8F8257564270039FC18 /* CatalogViewModel.swift */; };
		FA9DF9172576CE000039FC18 /* SearchBarViewController.swift in Sources */ = {isa = PBXBuildFile; fileRef = FA9DF9162576CE000039FC18 /* SearchBarViewController.swift */; };
		FA9DF9282577DDBE0039FC18 /* Initializable.swift in Sources */ = {isa = PBXBuildFile; fileRef = FA9DF9272577DDBE0039FC18 /* Initializable.swift */; };
		FA9DF9302577DF050039FC18 /* PageControlDelegate.swift in Sources */ = {isa = PBXBuildFile; fileRef = FA9DF92F2577DF050039FC18 /* PageControlDelegate.swift */; };
		FA9DF950257846920039FC18 /* ClothesListContainer.swift in Sources */ = {isa = PBXBuildFile; fileRef = FA9DF94F257846920039FC18 /* ClothesListContainer.swift */; };
		FA9DF955257848A60039FC18 /* ClothesListItemCell.swift in Sources */ = {isa = PBXBuildFile; fileRef = FA9DF954257848A60039FC18 /* ClothesListItemCell.swift */; };
		FA9DF95E257848ED0039FC18 /* ClothesListItem.swift in Sources */ = {isa = PBXBuildFile; fileRef = FA9DF95D257848ED0039FC18 /* ClothesListItem.swift */; };
		FA9DF993257A347C0039FC18 /* CatalogListItemCell.swift in Sources */ = {isa = PBXBuildFile; fileRef = FA9DF992257A347B0039FC18 /* CatalogListItemCell.swift */; };
		FA9DF998257A35920039FC18 /* CatalogListItem.swift in Sources */ = {isa = PBXBuildFile; fileRef = FA9DF997257A35920039FC18 /* CatalogListItem.swift */; };
		FA9DF99E257A68340039FC18 /* ClothingViewController.swift in Sources */ = {isa = PBXBuildFile; fileRef = FA9DF99D257A68340039FC18 /* ClothingViewController.swift */; };
		FA9DF9A3257A68D10039FC18 /* ClothingViewModel.swift in Sources */ = {isa = PBXBuildFile; fileRef = FA9DF9A2257A68D10039FC18 /* ClothingViewModel.swift */; };
		FA9DF9A9257ADBA50039FC18 /* ClothingType.swift in Sources */ = {isa = PBXBuildFile; fileRef = FA9DF9A8257ADBA50039FC18 /* ClothingType.swift */; };
		FA9DF9AE257AE42A0039FC18 /* ClothingListItemTableViewCell.swift in Sources */ = {isa = PBXBuildFile; fileRef = FA9DF9AD257AE42A0039FC18 /* ClothingListItemTableViewCell.swift */; };
		FAAA4BE02571202A00D42624 /* AppDelegate.swift in Sources */ = {isa = PBXBuildFile; fileRef = FAAA4BDF2571202A00D42624 /* AppDelegate.swift */; };
		FAAA4BE92571202C00D42624 /* Assets.xcassets in Resources */ = {isa = PBXBuildFile; fileRef = FAAA4BE82571202C00D42624 /* Assets.xcassets */; };
		FAAA4BEC2571202C00D42624 /* LaunchScreen.storyboard in Resources */ = {isa = PBXBuildFile; fileRef = FAAA4BEA2571202C00D42624 /* LaunchScreen.storyboard */; };
		FAAA4BF72571202C00D42624 /* NamshiTests.swift in Sources */ = {isa = PBXBuildFile; fileRef = FAAA4BF62571202C00D42624 /* NamshiTests.swift */; };
		FAAA4C022571202C00D42624 /* NamshiUITests.swift in Sources */ = {isa = PBXBuildFile; fileRef = FAAA4C012571202C00D42624 /* NamshiUITests.swift */; };
		FAD450D5257F850C00C27270 /* ClothesPhotosView.swift in Sources */ = {isa = PBXBuildFile; fileRef = FAD450D4257F850C00C27270 /* ClothesPhotosView.swift */; };
		FAD450DA257FDFE300C27270 /* ClothesColorView.swift in Sources */ = {isa = PBXBuildFile; fileRef = FAD450D9257FDFE300C27270 /* ClothesColorView.swift */; };
		FAD450DF257FFCF600C27270 /* FitClothesView.swift in Sources */ = {isa = PBXBuildFile; fileRef = FAD450DE257FFCF600C27270 /* FitClothesView.swift */; };
		FAD450E4258001A600C27270 /* Corner.swift in Sources */ = {isa = PBXBuildFile; fileRef = FAD450E3258001A600C27270 /* Corner.swift */; };
		FAD450E9258012D600C27270 /* ChoosePhotoPopup.swift in Sources */ = {isa = PBXBuildFile; fileRef = FAD450E8258012D600C27270 /* ChoosePhotoPopup.swift */; };
		FAD450F0258028B800C27270 /* ClothesFittingViewController.swift in Sources */ = {isa = PBXBuildFile; fileRef = FAD450EF258028B800C27270 /* ClothesFittingViewController.swift */; };
		FAD450F8258028CA00C27270 /* ClothesFittingViewModel.swift in Sources */ = {isa = PBXBuildFile; fileRef = FAD450F7258028CA00C27270 /* ClothesFittingViewModel.swift */; };
		FAD450FD2580290800C27270 /* MaskFittingViewModel.swift in Sources */ = {isa = PBXBuildFile; fileRef = FAD450FC2580290800C27270 /* MaskFittingViewModel.swift */; };
		FAD451022580292800C27270 /* MaskFittingViewController.swift in Sources */ = {isa = PBXBuildFile; fileRef = FAD451012580292800C27270 /* MaskFittingViewController.swift */; };
		FAD4510B2580DA0200C27270 /* PhotoPickerService.swift in Sources */ = {isa = PBXBuildFile; fileRef = FAD4510A2580DA0200C27270 /* PhotoPickerService.swift */; };
		FAD4511925811DC500C27270 /* MaskFittingView.swift in Sources */ = {isa = PBXBuildFile; fileRef = FAD4511825811DC500C27270 /* MaskFittingView.swift */; };
/* End PBXBuildFile section */

/* Begin PBXContainerItemProxy section */
		FAAA4BF32571202C00D42624 /* PBXContainerItemProxy */ = {
			isa = PBXContainerItemProxy;
			containerPortal = FAAA4BD42571202A00D42624 /* Project object */;
			proxyType = 1;
			remoteGlobalIDString = FAAA4BDB2571202A00D42624;
			remoteInfo = Namshi;
		};
		FAAA4BFE2571202C00D42624 /* PBXContainerItemProxy */ = {
			isa = PBXContainerItemProxy;
			containerPortal = FAAA4BD42571202A00D42624 /* Project object */;
			proxyType = 1;
			remoteGlobalIDString = FAAA4BDB2571202A00D42624;
			remoteInfo = Namshi;
		};
/* End PBXContainerItemProxy section */

/* Begin PBXFileReference section */
		06963EF242F5E9062648CC80 /* Pods-Namshi-NamshiUITests.debug.xcconfig */ = {isa = PBXFileReference; includeInIndex = 1; lastKnownFileType = text.xcconfig; name = "Pods-Namshi-NamshiUITests.debug.xcconfig"; path = "Target Support Files/Pods-Namshi-NamshiUITests/Pods-Namshi-NamshiUITests.debug.xcconfig"; sourceTree = "<group>"; };
		205946454CA73BC182D66DC1 /* Pods_Namshi_NamshiUITests.framework */ = {isa = PBXFileReference; explicitFileType = wrapper.framework; includeInIndex = 0; path = Pods_Namshi_NamshiUITests.framework; sourceTree = BUILT_PRODUCTS_DIR; };
		273CB395A9B9E3BF8E80768E /* Pods-NamshiTests.release.xcconfig */ = {isa = PBXFileReference; includeInIndex = 1; lastKnownFileType = text.xcconfig; name = "Pods-NamshiTests.release.xcconfig"; path = "Target Support Files/Pods-NamshiTests/Pods-NamshiTests.release.xcconfig"; sourceTree = "<group>"; };
		4E44F9D45181353F66BA0B22 /* Pods-Namshi-NamshiUITests.release.xcconfig */ = {isa = PBXFileReference; includeInIndex = 1; lastKnownFileType = text.xcconfig; name = "Pods-Namshi-NamshiUITests.release.xcconfig"; path = "Target Support Files/Pods-Namshi-NamshiUITests/Pods-Namshi-NamshiUITests.release.xcconfig"; sourceTree = "<group>"; };
		8089DE1048B9D5E6F4529759 /* Pods-NamshiTests.debug.xcconfig */ = {isa = PBXFileReference; includeInIndex = 1; lastKnownFileType = text.xcconfig; name = "Pods-NamshiTests.debug.xcconfig"; path = "Target Support Files/Pods-NamshiTests/Pods-NamshiTests.debug.xcconfig"; sourceTree = "<group>"; };
		AAF7894903ADB7E9E685A6AA /* Pods-Namshi.release.xcconfig */ = {isa = PBXFileReference; includeInIndex = 1; lastKnownFileType = text.xcconfig; name = "Pods-Namshi.release.xcconfig"; path = "Target Support Files/Pods-Namshi/Pods-Namshi.release.xcconfig"; sourceTree = "<group>"; };
		AB64F6732847FAA79363E330 /* Pods_Namshi.framework */ = {isa = PBXFileReference; explicitFileType = wrapper.framework; includeInIndex = 0; path = Pods_Namshi.framework; sourceTree = BUILT_PRODUCTS_DIR; };
		CC60B06BF6B3DB8715721AD1 /* Pods_NamshiTests.framework */ = {isa = PBXFileReference; explicitFileType = wrapper.framework; includeInIndex = 0; path = Pods_NamshiTests.framework; sourceTree = BUILT_PRODUCTS_DIR; };
		D4E2B6ACF780E3C3229C281D /* Pods-Namshi.debug.xcconfig */ = {isa = PBXFileReference; includeInIndex = 1; lastKnownFileType = text.xcconfig; name = "Pods-Namshi.debug.xcconfig"; path = "Target Support Files/Pods-Namshi/Pods-Namshi.debug.xcconfig"; sourceTree = "<group>"; };
		FA40835E257E667200485509 /* TypesOfClothesViewController.swift */ = {isa = PBXFileReference; lastKnownFileType = sourcecode.swift; path = TypesOfClothesViewController.swift; sourceTree = "<group>"; };
		FA408363257E6B0C00485509 /* TypesOfClothesViewModel.swift */ = {isa = PBXFileReference; lastKnownFileType = sourcecode.swift; path = TypesOfClothesViewModel.swift; sourceTree = "<group>"; };
		FA408369257E9AE500485509 /* ClothesDetailedViewController.swift */ = {isa = PBXFileReference; lastKnownFileType = sourcecode.swift; path = ClothesDetailedViewController.swift; sourceTree = "<group>"; };
		FA40836E257E9AFD00485509 /* ClothesDetailedViewModel.swift */ = {isa = PBXFileReference; lastKnownFileType = sourcecode.swift; path = ClothesDetailedViewModel.swift; sourceTree = "<group>"; };
		FA5390C425856A6E009389E9 /* ClothesPhotosViewDelegate.swift */ = {isa = PBXFileReference; lastKnownFileType = sourcecode.swift; path = ClothesPhotosViewDelegate.swift; sourceTree = "<group>"; };
		FA9DF80A2574EB640039FC18 /* NavigatedToAware.swift */ = {isa = PBXFileReference; fileEncoding = 4; lastKnownFileType = sourcecode.swift; path = NavigatedToAware.swift; sourceTree = "<group>"; };
		FA9DF80B2574EB640039FC18 /* MVVMViewController.swift */ = {isa = PBXFileReference; fileEncoding = 4; lastKnownFileType = sourcecode.swift; path = MVVMViewController.swift; sourceTree = "<group>"; };
		FA9DF80C2574EB640039FC18 /* Router.swift */ = {isa = PBXFileReference; fileEncoding = 4; lastKnownFileType = sourcecode.swift; path = Router.swift; sourceTree = "<group>"; };
		FA9DF80D2574EB640039FC18 /* DIContainerConfigurator.swift */ = {isa = PBXFileReference; fileEncoding = 4; lastKnownFileType = sourcecode.swift; path = DIContainerConfigurator.swift; sourceTree = "<group>"; };
		FA9DF8162574EC7C0039FC18 /* StringExtensions.swift */ = {isa = PBXFileReference; fileEncoding = 4; lastKnownFileType = sourcecode.swift; path = StringExtensions.swift; sourceTree = "<group>"; };
		FA9DF8172574EC7C0039FC18 /* UIViewExtensions.swift */ = {isa = PBXFileReference; fileEncoding = 4; lastKnownFileType = sourcecode.swift; path = UIViewExtensions.swift; sourceTree = "<group>"; };
		FA9DF8182574EC7C0039FC18 /* NSObjectExtensions.swift */ = {isa = PBXFileReference; fileEncoding = 4; lastKnownFileType = sourcecode.swift; path = NSObjectExtensions.swift; sourceTree = "<group>"; };
		FA9DF8192574EC7C0039FC18 /* UIApplicationExtensions.swift */ = {isa = PBXFileReference; fileEncoding = 4; lastKnownFileType = sourcecode.swift; path = UIApplicationExtensions.swift; sourceTree = "<group>"; };
		FA9DF81A2574EC7C0039FC18 /* UIColorExtensions.swift */ = {isa = PBXFileReference; fileEncoding = 4; lastKnownFileType = sourcecode.swift; path = UIColorExtensions.swift; sourceTree = "<group>"; };
		FA9DF8242574ECA20039FC18 /* StringResources.swift */ = {isa = PBXFileReference; fileEncoding = 4; lastKnownFileType = sourcecode.swift; path = StringResources.swift; sourceTree = "<group>"; };
		FA9DF8262574ECA20039FC18 /* Colors.swift */ = {isa = PBXFileReference; fileEncoding = 4; lastKnownFileType = sourcecode.swift; path = Colors.swift; sourceTree = "<group>"; };
		FA9DF85A2574ED050039FC18 /* BaseViewController.swift */ = {isa = PBXFileReference; fileEncoding = 4; lastKnownFileType = sourcecode.swift; path = BaseViewController.swift; sourceTree = "<group>"; };
		FA9DF8912574F4710039FC18 /* GlobalStyles.swift */ = {isa = PBXFileReference; fileEncoding = 4; lastKnownFileType = sourcecode.swift; path = GlobalStyles.swift; sourceTree = "<group>"; };
		FA9DF8B62574F9730039FC18 /* logo.png */ = {isa = PBXFileReference; lastKnownFileType = image.png; path = logo.png; sourceTree = "<group>"; };
		FA9DF8D1257512840039FC18 /* MainTabBarViewController.swift */ = {isa = PBXFileReference; lastKnownFileType = sourcecode.swift; path = MainTabBarViewController.swift; sourceTree = "<group>"; };
		FA9DF8E1257553B00039FC18 /* HomeViewController.swift */ = {isa = PBXFileReference; lastKnownFileType = sourcecode.swift; path = HomeViewController.swift; sourceTree = "<group>"; };
		FA9DF8EA257553FA0039FC18 /* HomeViewModel.swift */ = {isa = PBXFileReference; lastKnownFileType = sourcecode.swift; path = HomeViewModel.swift; sourceTree = "<group>"; };
		FA9DF8F2257563F50039FC18 /* CatalogViewController.swift */ = {isa = PBXFileReference; lastKnownFileType = sourcecode.swift; path = CatalogViewController.swift; sourceTree = "<group>"; };
		FA9DF8F8257564270039FC18 /* CatalogViewModel.swift */ = {isa = PBXFileReference; lastKnownFileType = sourcecode.swift; path = CatalogViewModel.swift; sourceTree = "<group>"; };
		FA9DF9162576CE000039FC18 /* SearchBarViewController.swift */ = {isa = PBXFileReference; lastKnownFileType = sourcecode.swift; path = SearchBarViewController.swift; sourceTree = "<group>"; };
		FA9DF9272577DDBE0039FC18 /* Initializable.swift */ = {isa = PBXFileReference; lastKnownFileType = sourcecode.swift; path = Initializable.swift; sourceTree = "<group>"; };
		FA9DF92F2577DF050039FC18 /* PageControlDelegate.swift */ = {isa = PBXFileReference; lastKnownFileType = sourcecode.swift; path = PageControlDelegate.swift; sourceTree = "<group>"; };
		FA9DF94F257846920039FC18 /* ClothesListContainer.swift */ = {isa = PBXFileReference; lastKnownFileType = sourcecode.swift; path = ClothesListContainer.swift; sourceTree = "<group>"; };
		FA9DF954257848A60039FC18 /* ClothesListItemCell.swift */ = {isa = PBXFileReference; lastKnownFileType = sourcecode.swift; path = ClothesListItemCell.swift; sourceTree = "<group>"; };
		FA9DF95D257848ED0039FC18 /* ClothesListItem.swift */ = {isa = PBXFileReference; lastKnownFileType = sourcecode.swift; path = ClothesListItem.swift; sourceTree = "<group>"; };
		FA9DF992257A347B0039FC18 /* CatalogListItemCell.swift */ = {isa = PBXFileReference; lastKnownFileType = sourcecode.swift; path = CatalogListItemCell.swift; sourceTree = "<group>"; };
		FA9DF997257A35920039FC18 /* CatalogListItem.swift */ = {isa = PBXFileReference; lastKnownFileType = sourcecode.swift; path = CatalogListItem.swift; sourceTree = "<group>"; };
		FA9DF99D257A68340039FC18 /* ClothingViewController.swift */ = {isa = PBXFileReference; lastKnownFileType = sourcecode.swift; path = ClothingViewController.swift; sourceTree = "<group>"; };
		FA9DF9A2257A68D10039FC18 /* ClothingViewModel.swift */ = {isa = PBXFileReference; lastKnownFileType = sourcecode.swift; path = ClothingViewModel.swift; sourceTree = "<group>"; };
		FA9DF9A8257ADBA50039FC18 /* ClothingType.swift */ = {isa = PBXFileReference; lastKnownFileType = sourcecode.swift; path = ClothingType.swift; sourceTree = "<group>"; };
		FA9DF9AD257AE42A0039FC18 /* ClothingListItemTableViewCell.swift */ = {isa = PBXFileReference; lastKnownFileType = sourcecode.swift; path = ClothingListItemTableViewCell.swift; sourceTree = "<group>"; };
		FAAA4BDC2571202A00D42624 /* Namshi.app */ = {isa = PBXFileReference; explicitFileType = wrapper.application; includeInIndex = 0; path = Namshi.app; sourceTree = BUILT_PRODUCTS_DIR; };
		FAAA4BDF2571202A00D42624 /* AppDelegate.swift */ = {isa = PBXFileReference; lastKnownFileType = sourcecode.swift; path = AppDelegate.swift; sourceTree = "<group>"; };
		FAAA4BE82571202C00D42624 /* Assets.xcassets */ = {isa = PBXFileReference; lastKnownFileType = folder.assetcatalog; path = Assets.xcassets; sourceTree = "<group>"; };
		FAAA4BEB2571202C00D42624 /* Base */ = {isa = PBXFileReference; lastKnownFileType = file.storyboard; name = Base; path = Base.lproj/LaunchScreen.storyboard; sourceTree = "<group>"; };
		FAAA4BED2571202C00D42624 /* Info.plist */ = {isa = PBXFileReference; lastKnownFileType = text.plist.xml; path = Info.plist; sourceTree = "<group>"; };
		FAAA4BF22571202C00D42624 /* NamshiTests.xctest */ = {isa = PBXFileReference; explicitFileType = wrapper.cfbundle; includeInIndex = 0; path = NamshiTests.xctest; sourceTree = BUILT_PRODUCTS_DIR; };
		FAAA4BF62571202C00D42624 /* NamshiTests.swift */ = {isa = PBXFileReference; lastKnownFileType = sourcecode.swift; path = NamshiTests.swift; sourceTree = "<group>"; };
		FAAA4BF82571202C00D42624 /* Info.plist */ = {isa = PBXFileReference; lastKnownFileType = text.plist.xml; path = Info.plist; sourceTree = "<group>"; };
		FAAA4BFD2571202C00D42624 /* NamshiUITests.xctest */ = {isa = PBXFileReference; explicitFileType = wrapper.cfbundle; includeInIndex = 0; path = NamshiUITests.xctest; sourceTree = BUILT_PRODUCTS_DIR; };
		FAAA4C012571202C00D42624 /* NamshiUITests.swift */ = {isa = PBXFileReference; lastKnownFileType = sourcecode.swift; path = NamshiUITests.swift; sourceTree = "<group>"; };
		FAAA4C032571202C00D42624 /* Info.plist */ = {isa = PBXFileReference; lastKnownFileType = text.plist.xml; path = Info.plist; sourceTree = "<group>"; };
		FAD450D4257F850C00C27270 /* ClothesPhotosView.swift */ = {isa = PBXFileReference; lastKnownFileType = sourcecode.swift; path = ClothesPhotosView.swift; sourceTree = "<group>"; };
		FAD450D9257FDFE300C27270 /* ClothesColorView.swift */ = {isa = PBXFileReference; lastKnownFileType = sourcecode.swift; path = ClothesColorView.swift; sourceTree = "<group>"; };
		FAD450DE257FFCF600C27270 /* FitClothesView.swift */ = {isa = PBXFileReference; lastKnownFileType = sourcecode.swift; path = FitClothesView.swift; sourceTree = "<group>"; };
		FAD450E3258001A600C27270 /* Corner.swift */ = {isa = PBXFileReference; lastKnownFileType = sourcecode.swift; path = Corner.swift; sourceTree = "<group>"; };
		FAD450E8258012D600C27270 /* ChoosePhotoPopup.swift */ = {isa = PBXFileReference; lastKnownFileType = sourcecode.swift; path = ChoosePhotoPopup.swift; sourceTree = "<group>"; };
		FAD450EF258028B800C27270 /* ClothesFittingViewController.swift */ = {isa = PBXFileReference; lastKnownFileType = sourcecode.swift; path = ClothesFittingViewController.swift; sourceTree = "<group>"; };
		FAD450F7258028CA00C27270 /* ClothesFittingViewModel.swift */ = {isa = PBXFileReference; lastKnownFileType = sourcecode.swift; path = ClothesFittingViewModel.swift; sourceTree = "<group>"; };
		FAD450FC2580290800C27270 /* MaskFittingViewModel.swift */ = {isa = PBXFileReference; lastKnownFileType = sourcecode.swift; path = MaskFittingViewModel.swift; sourceTree = "<group>"; };
		FAD451012580292800C27270 /* MaskFittingViewController.swift */ = {isa = PBXFileReference; lastKnownFileType = sourcecode.swift; path = MaskFittingViewController.swift; sourceTree = "<group>"; };
		FAD4510A2580DA0200C27270 /* PhotoPickerService.swift */ = {isa = PBXFileReference; lastKnownFileType = sourcecode.swift; path = PhotoPickerService.swift; sourceTree = "<group>"; };
		FAD4511825811DC500C27270 /* MaskFittingView.swift */ = {isa = PBXFileReference; lastKnownFileType = sourcecode.swift; path = MaskFittingView.swift; sourceTree = "<group>"; };
/* End PBXFileReference section */

/* Begin PBXFrameworksBuildPhase section */
		FAAA4BD92571202A00D42624 /* Frameworks */ = {
			isa = PBXFrameworksBuildPhase;
			buildActionMask = 2147483647;
			files = (
				A10D4F80B56FBE90A1E1BA00 /* Pods_Namshi.framework in Frameworks */,
			);
			runOnlyForDeploymentPostprocessing = 0;
		};
		FAAA4BEF2571202C00D42624 /* Frameworks */ = {
			isa = PBXFrameworksBuildPhase;
			buildActionMask = 2147483647;
			files = (
				C3FC703B92F5227D7A210871 /* Pods_NamshiTests.framework in Frameworks */,
			);
			runOnlyForDeploymentPostprocessing = 0;
		};
		FAAA4BFA2571202C00D42624 /* Frameworks */ = {
			isa = PBXFrameworksBuildPhase;
			buildActionMask = 2147483647;
			files = (
				E7F3BA26CE770E4CF5D33535 /* Pods_Namshi_NamshiUITests.framework in Frameworks */,
			);
			runOnlyForDeploymentPostprocessing = 0;
		};
/* End PBXFrameworksBuildPhase section */

/* Begin PBXGroup section */
		577CE78EC91C992631CECDB1 /* Frameworks */ = {
			isa = PBXGroup;
			children = (
				AB64F6732847FAA79363E330 /* Pods_Namshi.framework */,
				205946454CA73BC182D66DC1 /* Pods_Namshi_NamshiUITests.framework */,
				CC60B06BF6B3DB8715721AD1 /* Pods_NamshiTests.framework */,
			);
			name = Frameworks;
			sourceTree = "<group>";
		};
		C82A7B8E13D5991455AFB9EB /* Pods */ = {
			isa = PBXGroup;
			children = (
				D4E2B6ACF780E3C3229C281D /* Pods-Namshi.debug.xcconfig */,
				AAF7894903ADB7E9E685A6AA /* Pods-Namshi.release.xcconfig */,
				06963EF242F5E9062648CC80 /* Pods-Namshi-NamshiUITests.debug.xcconfig */,
				4E44F9D45181353F66BA0B22 /* Pods-Namshi-NamshiUITests.release.xcconfig */,
				8089DE1048B9D5E6F4529759 /* Pods-NamshiTests.debug.xcconfig */,
				273CB395A9B9E3BF8E80768E /* Pods-NamshiTests.release.xcconfig */,
			);
			path = Pods;
			sourceTree = "<group>";
		};
		FA40835D257E640F00485509 /* TypesOfClothes */ = {
			isa = PBXGroup;
			children = (
				FA40835E257E667200485509 /* TypesOfClothesViewController.swift */,
				FA408363257E6B0C00485509 /* TypesOfClothesViewModel.swift */,
			);
			path = TypesOfClothes;
			sourceTree = "<group>";
		};
		FA408368257E9AA100485509 /* ClothesDetail */ = {
			isa = PBXGroup;
			children = (
				FA408369257E9AE500485509 /* ClothesDetailedViewController.swift */,
				FA40836E257E9AFD00485509 /* ClothesDetailedViewModel.swift */,
			);
			path = ClothesDetail;
			sourceTree = "<group>";
		};
		FA9DF8092574EB640039FC18 /* Navigation */ = {
			isa = PBXGroup;
			children = (
				FA9DF80A2574EB640039FC18 /* NavigatedToAware.swift */,
				FA9DF80B2574EB640039FC18 /* MVVMViewController.swift */,
				FA9DF80C2574EB640039FC18 /* Router.swift */,
				FA9DF80D2574EB640039FC18 /* DIContainerConfigurator.swift */,
			);
			path = Navigation;
			sourceTree = "<group>";
		};
		FA9DF8152574EC7C0039FC18 /* Extensions */ = {
			isa = PBXGroup;
			children = (
				FA9DF8162574EC7C0039FC18 /* StringExtensions.swift */,
				FA9DF8172574EC7C0039FC18 /* UIViewExtensions.swift */,
				FA9DF8182574EC7C0039FC18 /* NSObjectExtensions.swift */,
				FA9DF8192574EC7C0039FC18 /* UIApplicationExtensions.swift */,
				FA9DF81A2574EC7C0039FC18 /* UIColorExtensions.swift */,
			);
			path = Extensions;
			sourceTree = "<group>";
		};
		FA9DF8232574ECA20039FC18 /* Resources */ = {
			isa = PBXGroup;
			children = (
				FA9DF8B62574F9730039FC18 /* logo.png */,
				FA9DF8912574F4710039FC18 /* GlobalStyles.swift */,
				FA9DF8242574ECA20039FC18 /* StringResources.swift */,
				FA9DF8262574ECA20039FC18 /* Colors.swift */,
			);
			path = Resources;
			sourceTree = "<group>";
		};
		FA9DF8302574ED050039FC18 /* Views */ = {
			isa = PBXGroup;
			children = (
				FA9DF8312574ED050039FC18 /* Storyboards */,
				FA9DF8342574ED050039FC18 /* Cells */,
				FA9DF83A2574ED050039FC18 /* CustomControls */,
				FA9DF8432574ED050039FC18 /* Pages */,
			);
			path = Views;
			sourceTree = "<group>";
		};
		FA9DF8312574ED050039FC18 /* Storyboards */ = {
			isa = PBXGroup;
			children = (
				FAAA4BEA2571202C00D42624 /* LaunchScreen.storyboard */,
			);
			path = Storyboards;
			sourceTree = "<group>";
		};
		FA9DF8342574ED050039FC18 /* Cells */ = {
			isa = PBXGroup;
			children = (
				FA9DF954257848A60039FC18 /* ClothesListItemCell.swift */,
				FA9DF992257A347B0039FC18 /* CatalogListItemCell.swift */,
				FA9DF9AD257AE42A0039FC18 /* ClothingListItemTableViewCell.swift */,
			);
			path = Cells;
			sourceTree = "<group>";
		};
		FA9DF83A2574ED050039FC18 /* CustomControls */ = {
			isa = PBXGroup;
			children = (
				FA9DF94F257846920039FC18 /* ClothesListContainer.swift */,
				FAD450D4257F850C00C27270 /* ClothesPhotosView.swift */,
				FAD450D9257FDFE300C27270 /* ClothesColorView.swift */,
				FAD450DE257FFCF600C27270 /* FitClothesView.swift */,
				FAD450E8258012D600C27270 /* ChoosePhotoPopup.swift */,
				FAD4511825811DC500C27270 /* MaskFittingView.swift */,
			);
			path = CustomControls;
			sourceTree = "<group>";
		};
		FA9DF8432574ED050039FC18 /* Pages */ = {
			isa = PBXGroup;
			children = (
				FAD450EE2580288200C27270 /* MaskFitting */,
				FAD450ED2580287900C27270 /* ClothesFitting */,
				FA408368257E9AA100485509 /* ClothesDetail */,
				FA40835D257E640F00485509 /* TypesOfClothes */,
				FA9DF99C257A67CD0039FC18 /* Clothing */,
				FA9DF9152576CDD50039FC18 /* Base */,
				FA9DF8F7257563FA0039FC18 /* Catalog */,
				FA9DF8E9257553DB0039FC18 /* Home */,
			);
			path = Pages;
			sourceTree = "<group>";
		};
		FA9DF8E9257553DB0039FC18 /* Home */ = {
			isa = PBXGroup;
			children = (
				FA9DF8E1257553B00039FC18 /* HomeViewController.swift */,
				FA9DF8EA257553FA0039FC18 /* HomeViewModel.swift */,
			);
			path = Home;
			sourceTree = "<group>";
		};
		FA9DF8F7257563FA0039FC18 /* Catalog */ = {
			isa = PBXGroup;
			children = (
				FA9DF8F2257563F50039FC18 /* CatalogViewController.swift */,
				FA9DF8F8257564270039FC18 /* CatalogViewModel.swift */,
			);
			path = Catalog;
			sourceTree = "<group>";
		};
		FA9DF9152576CDD50039FC18 /* Base */ = {
			isa = PBXGroup;
			children = (
				FA9DF8D1257512840039FC18 /* MainTabBarViewController.swift */,
				FA9DF85A2574ED050039FC18 /* BaseViewController.swift */,
				FA9DF9162576CE000039FC18 /* SearchBarViewController.swift */,
			);
			path = Base;
			sourceTree = "<group>";
		};
		FA9DF9262577DD9F0039FC18 /* Protocols */ = {
			isa = PBXGroup;
			children = (
				FA9DF9272577DDBE0039FC18 /* Initializable.swift */,
				FA9DF92F2577DF050039FC18 /* PageControlDelegate.swift */,
				FA5390C425856A6E009389E9 /* ClothesPhotosViewDelegate.swift */,
			);
			path = Protocols;
			sourceTree = "<group>";
		};
		FA9DF95C257848CD0039FC18 /* Models */ = {
			isa = PBXGroup;
			children = (
				FA9DF95D257848ED0039FC18 /* ClothesListItem.swift */,
				FA9DF997257A35920039FC18 /* CatalogListItem.swift */,
			);
			path = Models;
			sourceTree = "<group>";
		};
		FA9DF99C257A67CD0039FC18 /* Clothing */ = {
			isa = PBXGroup;
			children = (
				FA9DF99D257A68340039FC18 /* ClothingViewController.swift */,
				FA9DF9A2257A68D10039FC18 /* ClothingViewModel.swift */,
			);
			path = Clothing;
			sourceTree = "<group>";
		};
		FA9DF9A7257ADB940039FC18 /* Enums */ = {
			isa = PBXGroup;
			children = (
				FA9DF9A8257ADBA50039FC18 /* ClothingType.swift */,
				FAD450E3258001A600C27270 /* Corner.swift */,
			);
			path = Enums;
			sourceTree = "<group>";
		};
		FAAA4BD32571202A00D42624 = {
			isa = PBXGroup;
			children = (
				FAAA4BDE2571202A00D42624 /* Namshi */,
				FAAA4BF52571202C00D42624 /* NamshiTests */,
				FAAA4C002571202C00D42624 /* NamshiUITests */,
				FAAA4BDD2571202A00D42624 /* Products */,
				C82A7B8E13D5991455AFB9EB /* Pods */,
				577CE78EC91C992631CECDB1 /* Frameworks */,
			);
			sourceTree = "<group>";
		};
		FAAA4BDD2571202A00D42624 /* Products */ = {
			isa = PBXGroup;
			children = (
				FAAA4BDC2571202A00D42624 /* Namshi.app */,
				FAAA4BF22571202C00D42624 /* NamshiTests.xctest */,
				FAAA4BFD2571202C00D42624 /* NamshiUITests.xctest */,
			);
			name = Products;
			sourceTree = "<group>";
		};
		FAAA4BDE2571202A00D42624 /* Namshi */ = {
			isa = PBXGroup;
			children = (
				FAD451092580D9E700C27270 /* Utils */,
				FA9DF9A7257ADB940039FC18 /* Enums */,
				FA9DF95C257848CD0039FC18 /* Models */,
				FA9DF9262577DD9F0039FC18 /* Protocols */,
				FA9DF8302574ED050039FC18 /* Views */,
				FA9DF8232574ECA20039FC18 /* Resources */,
				FA9DF8152574EC7C0039FC18 /* Extensions */,
				FA9DF8092574EB640039FC18 /* Navigation */,
				FAAA4BDF2571202A00D42624 /* AppDelegate.swift */,
				FAAA4BE82571202C00D42624 /* Assets.xcassets */,
				FAAA4BED2571202C00D42624 /* Info.plist */,
			);
			path = Namshi;
			sourceTree = "<group>";
		};
		FAAA4BF52571202C00D42624 /* NamshiTests */ = {
			isa = PBXGroup;
			children = (
				FAAA4BF62571202C00D42624 /* NamshiTests.swift */,
				FAAA4BF82571202C00D42624 /* Info.plist */,
			);
			path = NamshiTests;
			sourceTree = "<group>";
		};
		FAAA4C002571202C00D42624 /* NamshiUITests */ = {
			isa = PBXGroup;
			children = (
				FAAA4C012571202C00D42624 /* NamshiUITests.swift */,
				FAAA4C032571202C00D42624 /* Info.plist */,
			);
			path = NamshiUITests;
			sourceTree = "<group>";
		};
		FAD450ED2580287900C27270 /* ClothesFitting */ = {
			isa = PBXGroup;
			children = (
				FAD450EF258028B800C27270 /* ClothesFittingViewController.swift */,
				FAD450F7258028CA00C27270 /* ClothesFittingViewModel.swift */,
			);
			path = ClothesFitting;
			sourceTree = "<group>";
		};
		FAD450EE2580288200C27270 /* MaskFitting */ = {
			isa = PBXGroup;
			children = (
				FAD451012580292800C27270 /* MaskFittingViewController.swift */,
				FAD450FC2580290800C27270 /* MaskFittingViewModel.swift */,
			);
			path = MaskFitting;
			sourceTree = "<group>";
		};
		FAD451092580D9E700C27270 /* Utils */ = {
			isa = PBXGroup;
			children = (
				FAD4510A2580DA0200C27270 /* PhotoPickerService.swift */,
			);
			path = Utils;
			sourceTree = "<group>";
		};
/* End PBXGroup section */

/* Begin PBXNativeTarget section */
		FAAA4BDB2571202A00D42624 /* Namshi */ = {
			isa = PBXNativeTarget;
			buildConfigurationList = FAAA4C062571202C00D42624 /* Build configuration list for PBXNativeTarget "Namshi" */;
			buildPhases = (
				67BD11653CC065EEED92F71F /* [CP] Check Pods Manifest.lock */,
				FAAA4BD82571202A00D42624 /* Sources */,
				FAAA4BD92571202A00D42624 /* Frameworks */,
				FAAA4BDA2571202A00D42624 /* Resources */,
				249803A9B7E157ECA6C42CB1 /* [CP] Embed Pods Frameworks */,
			);
			buildRules = (
			);
			dependencies = (
			);
			name = Namshi;
			productName = Namshi;
			productReference = FAAA4BDC2571202A00D42624 /* Namshi.app */;
			productType = "com.apple.product-type.application";
		};
		FAAA4BF12571202C00D42624 /* NamshiTests */ = {
			isa = PBXNativeTarget;
			buildConfigurationList = FAAA4C092571202C00D42624 /* Build configuration list for PBXNativeTarget "NamshiTests" */;
			buildPhases = (
				A78299EED663C5F1D8C94D2D /* [CP] Check Pods Manifest.lock */,
				FAAA4BEE2571202C00D42624 /* Sources */,
				FAAA4BEF2571202C00D42624 /* Frameworks */,
				FAAA4BF02571202C00D42624 /* Resources */,
			);
			buildRules = (
			);
			dependencies = (
				FAAA4BF42571202C00D42624 /* PBXTargetDependency */,
			);
			name = NamshiTests;
			productName = NamshiTests;
			productReference = FAAA4BF22571202C00D42624 /* NamshiTests.xctest */;
			productType = "com.apple.product-type.bundle.unit-test";
		};
		FAAA4BFC2571202C00D42624 /* NamshiUITests */ = {
			isa = PBXNativeTarget;
			buildConfigurationList = FAAA4C0C2571202C00D42624 /* Build configuration list for PBXNativeTarget "NamshiUITests" */;
			buildPhases = (
				1DEF5102D1ADAF49570C902F /* [CP] Check Pods Manifest.lock */,
				FAAA4BF92571202C00D42624 /* Sources */,
				FAAA4BFA2571202C00D42624 /* Frameworks */,
				FAAA4BFB2571202C00D42624 /* Resources */,
				48570582DEA991297ACF60B5 /* [CP] Embed Pods Frameworks */,
			);
			buildRules = (
			);
			dependencies = (
				FAAA4BFF2571202C00D42624 /* PBXTargetDependency */,
			);
			name = NamshiUITests;
			productName = NamshiUITests;
			productReference = FAAA4BFD2571202C00D42624 /* NamshiUITests.xctest */;
			productType = "com.apple.product-type.bundle.ui-testing";
		};
/* End PBXNativeTarget section */

/* Begin PBXProject section */
		FAAA4BD42571202A00D42624 /* Project object */ = {
			isa = PBXProject;
			attributes = {
				LastSwiftUpdateCheck = 1220;
				LastUpgradeCheck = 1220;
				TargetAttributes = {
					FAAA4BDB2571202A00D42624 = {
						CreatedOnToolsVersion = 12.2;
					};
					FAAA4BF12571202C00D42624 = {
						CreatedOnToolsVersion = 12.2;
						TestTargetID = FAAA4BDB2571202A00D42624;
					};
					FAAA4BFC2571202C00D42624 = {
						CreatedOnToolsVersion = 12.2;
						TestTargetID = FAAA4BDB2571202A00D42624;
					};
				};
			};
			buildConfigurationList = FAAA4BD72571202A00D42624 /* Build configuration list for PBXProject "Namshi" */;
			compatibilityVersion = "Xcode 9.3";
			developmentRegion = en;
			hasScannedForEncodings = 0;
			knownRegions = (
				en,
				Base,
			);
			mainGroup = FAAA4BD32571202A00D42624;
			productRefGroup = FAAA4BDD2571202A00D42624 /* Products */;
			projectDirPath = "";
			projectRoot = "";
			targets = (
				FAAA4BDB2571202A00D42624 /* Namshi */,
				FAAA4BF12571202C00D42624 /* NamshiTests */,
				FAAA4BFC2571202C00D42624 /* NamshiUITests */,
			);
		};
/* End PBXProject section */

/* Begin PBXResourcesBuildPhase section */
		FAAA4BDA2571202A00D42624 /* Resources */ = {
			isa = PBXResourcesBuildPhase;
			buildActionMask = 2147483647;
			files = (
				FAAA4BEC2571202C00D42624 /* LaunchScreen.storyboard in Resources */,
				FAAA4BE92571202C00D42624 /* Assets.xcassets in Resources */,
				FA9DF8B72574F9730039FC18 /* logo.png in Resources */,
			);
			runOnlyForDeploymentPostprocessing = 0;
		};
		FAAA4BF02571202C00D42624 /* Resources */ = {
			isa = PBXResourcesBuildPhase;
			buildActionMask = 2147483647;
			files = (
			);
			runOnlyForDeploymentPostprocessing = 0;
		};
		FAAA4BFB2571202C00D42624 /* Resources */ = {
			isa = PBXResourcesBuildPhase;
			buildActionMask = 2147483647;
			files = (
			);
			runOnlyForDeploymentPostprocessing = 0;
		};
/* End PBXResourcesBuildPhase section */

/* Begin PBXShellScriptBuildPhase section */
		1DEF5102D1ADAF49570C902F /* [CP] Check Pods Manifest.lock */ = {
			isa = PBXShellScriptBuildPhase;
			buildActionMask = 2147483647;
			files = (
			);
			inputFileListPaths = (
			);
			inputPaths = (
				"${PODS_PODFILE_DIR_PATH}/Podfile.lock",
				"${PODS_ROOT}/Manifest.lock",
			);
			name = "[CP] Check Pods Manifest.lock";
			outputFileListPaths = (
			);
			outputPaths = (
				"$(DERIVED_FILE_DIR)/Pods-Namshi-NamshiUITests-checkManifestLockResult.txt",
			);
			runOnlyForDeploymentPostprocessing = 0;
			shellPath = /bin/sh;
			shellScript = "diff \"${PODS_PODFILE_DIR_PATH}/Podfile.lock\" \"${PODS_ROOT}/Manifest.lock\" > /dev/null\nif [ $? != 0 ] ; then\n    # print error to STDERR\n    echo \"error: The sandbox is not in sync with the Podfile.lock. Run 'pod install' or update your CocoaPods installation.\" >&2\n    exit 1\nfi\n# This output is used by Xcode 'outputs' to avoid re-running this script phase.\necho \"SUCCESS\" > \"${SCRIPT_OUTPUT_FILE_0}\"\n";
			showEnvVarsInLog = 0;
		};
		249803A9B7E157ECA6C42CB1 /* [CP] Embed Pods Frameworks */ = {
			isa = PBXShellScriptBuildPhase;
			buildActionMask = 2147483647;
			files = (
			);
			inputFileListPaths = (
				"${PODS_ROOT}/Target Support Files/Pods-Namshi/Pods-Namshi-frameworks-${CONFIGURATION}-input-files.xcfilelist",
			);
			name = "[CP] Embed Pods Frameworks";
			outputFileListPaths = (
				"${PODS_ROOT}/Target Support Files/Pods-Namshi/Pods-Namshi-frameworks-${CONFIGURATION}-output-files.xcfilelist",
			);
			runOnlyForDeploymentPostprocessing = 0;
			shellPath = /bin/sh;
			shellScript = "\"${PODS_ROOT}/Target Support Files/Pods-Namshi/Pods-Namshi-frameworks.sh\"\n";
			showEnvVarsInLog = 0;
		};
		48570582DEA991297ACF60B5 /* [CP] Embed Pods Frameworks */ = {
			isa = PBXShellScriptBuildPhase;
			buildActionMask = 2147483647;
			files = (
			);
			inputFileListPaths = (
				"${PODS_ROOT}/Target Support Files/Pods-Namshi-NamshiUITests/Pods-Namshi-NamshiUITests-frameworks-${CONFIGURATION}-input-files.xcfilelist",
			);
			name = "[CP] Embed Pods Frameworks";
			outputFileListPaths = (
				"${PODS_ROOT}/Target Support Files/Pods-Namshi-NamshiUITests/Pods-Namshi-NamshiUITests-frameworks-${CONFIGURATION}-output-files.xcfilelist",
			);
			runOnlyForDeploymentPostprocessing = 0;
			shellPath = /bin/sh;
			shellScript = "\"${PODS_ROOT}/Target Support Files/Pods-Namshi-NamshiUITests/Pods-Namshi-NamshiUITests-frameworks.sh\"\n";
			showEnvVarsInLog = 0;
		};
		67BD11653CC065EEED92F71F /* [CP] Check Pods Manifest.lock */ = {
			isa = PBXShellScriptBuildPhase;
			buildActionMask = 2147483647;
			files = (
			);
			inputFileListPaths = (
			);
			inputPaths = (
				"${PODS_PODFILE_DIR_PATH}/Podfile.lock",
				"${PODS_ROOT}/Manifest.lock",
			);
			name = "[CP] Check Pods Manifest.lock";
			outputFileListPaths = (
			);
			outputPaths = (
				"$(DERIVED_FILE_DIR)/Pods-Namshi-checkManifestLockResult.txt",
			);
			runOnlyForDeploymentPostprocessing = 0;
			shellPath = /bin/sh;
			shellScript = "diff \"${PODS_PODFILE_DIR_PATH}/Podfile.lock\" \"${PODS_ROOT}/Manifest.lock\" > /dev/null\nif [ $? != 0 ] ; then\n    # print error to STDERR\n    echo \"error: The sandbox is not in sync with the Podfile.lock. Run 'pod install' or update your CocoaPods installation.\" >&2\n    exit 1\nfi\n# This output is used by Xcode 'outputs' to avoid re-running this script phase.\necho \"SUCCESS\" > \"${SCRIPT_OUTPUT_FILE_0}\"\n";
			showEnvVarsInLog = 0;
		};
		A78299EED663C5F1D8C94D2D /* [CP] Check Pods Manifest.lock */ = {
			isa = PBXShellScriptBuildPhase;
			buildActionMask = 2147483647;
			files = (
			);
			inputFileListPaths = (
			);
			inputPaths = (
				"${PODS_PODFILE_DIR_PATH}/Podfile.lock",
				"${PODS_ROOT}/Manifest.lock",
			);
			name = "[CP] Check Pods Manifest.lock";
			outputFileListPaths = (
			);
			outputPaths = (
				"$(DERIVED_FILE_DIR)/Pods-NamshiTests-checkManifestLockResult.txt",
			);
			runOnlyForDeploymentPostprocessing = 0;
			shellPath = /bin/sh;
			shellScript = "diff \"${PODS_PODFILE_DIR_PATH}/Podfile.lock\" \"${PODS_ROOT}/Manifest.lock\" > /dev/null\nif [ $? != 0 ] ; then\n    # print error to STDERR\n    echo \"error: The sandbox is not in sync with the Podfile.lock. Run 'pod install' or update your CocoaPods installation.\" >&2\n    exit 1\nfi\n# This output is used by Xcode 'outputs' to avoid re-running this script phase.\necho \"SUCCESS\" > \"${SCRIPT_OUTPUT_FILE_0}\"\n";
			showEnvVarsInLog = 0;
		};
/* End PBXShellScriptBuildPhase section */

/* Begin PBXSourcesBuildPhase section */
		FAAA4BD82571202A00D42624 /* Sources */ = {
			isa = PBXSourcesBuildPhase;
			buildActionMask = 2147483647;
			files = (
				FA9DF8EB257553FA0039FC18 /* HomeViewModel.swift in Sources */,
				FA9DF8F9257564270039FC18 /* CatalogViewModel.swift in Sources */,
				FA9DF8D3257512840039FC18 /* MainTabBarViewController.swift in Sources */,
				FA9DF998257A35920039FC18 /* CatalogListItem.swift in Sources */,
				FA9DF81B2574EC7C0039FC18 /* StringExtensions.swift in Sources */,
				FA9DF81D2574EC7C0039FC18 /* NSObjectExtensions.swift in Sources */,
				FA9DF8922574F4710039FC18 /* GlobalStyles.swift in Sources */,
				FA9DF9172576CE000039FC18 /* SearchBarViewController.swift in Sources */,
				FA9DF9AE257AE42A0039FC18 /* ClothingListItemTableViewCell.swift in Sources */,
				FA9DF8292574ECA20039FC18 /* Colors.swift in Sources */,
				FA9DF8F3257563F50039FC18 /* CatalogViewController.swift in Sources */,
				FA9DF950257846920039FC18 /* ClothesListContainer.swift in Sources */,
				FA9DF9A9257ADBA50039FC18 /* ClothingType.swift in Sources */,
				FA9DF95E257848ED0039FC18 /* ClothesListItem.swift in Sources */,
				FA9DF81F2574EC7C0039FC18 /* UIColorExtensions.swift in Sources */,
				FA9DF8792574ED050039FC18 /* BaseViewController.swift in Sources */,
				FAD450E9258012D600C27270 /* ChoosePhotoPopup.swift in Sources */,
				FAD450D5257F850C00C27270 /* ClothesPhotosView.swift in Sources */,
				FA9DF80F2574EB640039FC18 /* MVVMViewController.swift in Sources */,
				FAD450DA257FDFE300C27270 /* ClothesColorView.swift in Sources */,
				FA40836A257E9AE500485509 /* ClothesDetailedViewController.swift in Sources */,
				FA9DF81E2574EC7C0039FC18 /* UIApplicationExtensions.swift in Sources */,
				FAD450FD2580290800C27270 /* MaskFittingViewModel.swift in Sources */,
				FAAA4BE02571202A00D42624 /* AppDelegate.swift in Sources */,
				FA9DF9302577DF050039FC18 /* PageControlDelegate.swift in Sources */,
				FAD450F0258028B800C27270 /* ClothesFittingViewController.swift in Sources */,
				FA9DF99E257A68340039FC18 /* ClothingViewController.swift in Sources */,
				FA9DF8272574ECA20039FC18 /* StringResources.swift in Sources */,
				FAD450DF257FFCF600C27270 /* FitClothesView.swift in Sources */,
				FA9DF8E2257553B00039FC18 /* HomeViewController.swift in Sources */,
				FA9DF8102574EB640039FC18 /* Router.swift in Sources */,
				FA40835F257E667200485509 /* TypesOfClothesViewController.swift in Sources */,
				FAD4511925811DC500C27270 /* MaskFittingView.swift in Sources */,
				FA9DF8112574EB640039FC18 /* DIContainerConfigurator.swift in Sources */,
				FA9DF81C2574EC7C0039FC18 /* UIViewExtensions.swift in Sources */,
				FAD450E4258001A600C27270 /* Corner.swift in Sources */,
				FA408364257E6B0C00485509 /* TypesOfClothesViewModel.swift in Sources */,
				FA9DF955257848A60039FC18 /* ClothesListItemCell.swift in Sources */,
				FAD4510B2580DA0200C27270 /* PhotoPickerService.swift in Sources */,
				FA9DF80E2574EB640039FC18 /* NavigatedToAware.swift in Sources */,
				FAD450F8258028CA00C27270 /* ClothesFittingViewModel.swift in Sources */,
				FA9DF993257A347C0039FC18 /* CatalogListItemCell.swift in Sources */,
				FA5390C525856A6E009389E9 /* ClothesPhotosViewDelegate.swift in Sources */,
				FA40836F257E9AFD00485509 /* ClothesDetailedViewModel.swift in Sources */,
				FA9DF9282577DDBE0039FC18 /* Initializable.swift in Sources */,
				FAD451022580292800C27270 /* MaskFittingViewController.swift in Sources */,
				FA9DF9A3257A68D10039FC18 /* ClothingViewModel.swift in Sources */,
			);
			runOnlyForDeploymentPostprocessing = 0;
		};
		FAAA4BEE2571202C00D42624 /* Sources */ = {
			isa = PBXSourcesBuildPhase;
			buildActionMask = 2147483647;
			files = (
				FAAA4BF72571202C00D42624 /* NamshiTests.swift in Sources */,
			);
			runOnlyForDeploymentPostprocessing = 0;
		};
		FAAA4BF92571202C00D42624 /* Sources */ = {
			isa = PBXSourcesBuildPhase;
			buildActionMask = 2147483647;
			files = (
				FAAA4C022571202C00D42624 /* NamshiUITests.swift in Sources */,
			);
			runOnlyForDeploymentPostprocessing = 0;
		};
/* End PBXSourcesBuildPhase section */

/* Begin PBXTargetDependency section */
		FAAA4BF42571202C00D42624 /* PBXTargetDependency */ = {
			isa = PBXTargetDependency;
			target = FAAA4BDB2571202A00D42624 /* Namshi */;
			targetProxy = FAAA4BF32571202C00D42624 /* PBXContainerItemProxy */;
		};
		FAAA4BFF2571202C00D42624 /* PBXTargetDependency */ = {
			isa = PBXTargetDependency;
			target = FAAA4BDB2571202A00D42624 /* Namshi */;
			targetProxy = FAAA4BFE2571202C00D42624 /* PBXContainerItemProxy */;
		};
/* End PBXTargetDependency section */

/* Begin PBXVariantGroup section */
		FAAA4BEA2571202C00D42624 /* LaunchScreen.storyboard */ = {
			isa = PBXVariantGroup;
			children = (
				FAAA4BEB2571202C00D42624 /* Base */,
			);
			name = LaunchScreen.storyboard;
			sourceTree = "<group>";
		};
/* End PBXVariantGroup section */

/* Begin XCBuildConfiguration section */
		FAAA4C042571202C00D42624 /* Debug */ = {
			isa = XCBuildConfiguration;
			buildSettings = {
				ALWAYS_SEARCH_USER_PATHS = NO;
				CLANG_ANALYZER_NONNULL = YES;
				CLANG_ANALYZER_NUMBER_OBJECT_CONVERSION = YES_AGGRESSIVE;
				CLANG_CXX_LANGUAGE_STANDARD = "gnu++14";
				CLANG_CXX_LIBRARY = "libc++";
				CLANG_ENABLE_MODULES = YES;
				CLANG_ENABLE_OBJC_ARC = YES;
				CLANG_ENABLE_OBJC_WEAK = YES;
				CLANG_WARN_BLOCK_CAPTURE_AUTORELEASING = YES;
				CLANG_WARN_BOOL_CONVERSION = YES;
				CLANG_WARN_COMMA = YES;
				CLANG_WARN_CONSTANT_CONVERSION = YES;
				CLANG_WARN_DEPRECATED_OBJC_IMPLEMENTATIONS = YES;
				CLANG_WARN_DIRECT_OBJC_ISA_USAGE = YES_ERROR;
				CLANG_WARN_DOCUMENTATION_COMMENTS = YES;
				CLANG_WARN_EMPTY_BODY = YES;
				CLANG_WARN_ENUM_CONVERSION = YES;
				CLANG_WARN_INFINITE_RECURSION = YES;
				CLANG_WARN_INT_CONVERSION = YES;
				CLANG_WARN_NON_LITERAL_NULL_CONVERSION = YES;
				CLANG_WARN_OBJC_IMPLICIT_RETAIN_SELF = YES;
				CLANG_WARN_OBJC_LITERAL_CONVERSION = YES;
				CLANG_WARN_OBJC_ROOT_CLASS = YES_ERROR;
				CLANG_WARN_QUOTED_INCLUDE_IN_FRAMEWORK_HEADER = YES;
				CLANG_WARN_RANGE_LOOP_ANALYSIS = YES;
				CLANG_WARN_STRICT_PROTOTYPES = YES;
				CLANG_WARN_SUSPICIOUS_MOVE = YES;
				CLANG_WARN_UNGUARDED_AVAILABILITY = YES_AGGRESSIVE;
				CLANG_WARN_UNREACHABLE_CODE = YES;
				CLANG_WARN__DUPLICATE_METHOD_MATCH = YES;
				COPY_PHASE_STRIP = NO;
				DEBUG_INFORMATION_FORMAT = dwarf;
				ENABLE_STRICT_OBJC_MSGSEND = YES;
				ENABLE_TESTABILITY = YES;
				GCC_C_LANGUAGE_STANDARD = gnu11;
				GCC_DYNAMIC_NO_PIC = NO;
				GCC_NO_COMMON_BLOCKS = YES;
				GCC_OPTIMIZATION_LEVEL = 0;
				GCC_PREPROCESSOR_DEFINITIONS = (
					"DEBUG=1",
					"$(inherited)",
				);
				GCC_WARN_64_TO_32_BIT_CONVERSION = YES;
				GCC_WARN_ABOUT_RETURN_TYPE = YES_ERROR;
				GCC_WARN_UNDECLARED_SELECTOR = YES;
				GCC_WARN_UNINITIALIZED_AUTOS = YES_AGGRESSIVE;
				GCC_WARN_UNUSED_FUNCTION = YES;
				GCC_WARN_UNUSED_VARIABLE = YES;
				IPHONEOS_DEPLOYMENT_TARGET = 13.0;
				MTL_ENABLE_DEBUG_INFO = INCLUDE_SOURCE;
				MTL_FAST_MATH = YES;
				ONLY_ACTIVE_ARCH = YES;
				SDKROOT = iphoneos;
				SWIFT_ACTIVE_COMPILATION_CONDITIONS = DEBUG;
				SWIFT_OPTIMIZATION_LEVEL = "-Onone";
			};
			name = Debug;
		};
		FAAA4C052571202C00D42624 /* Release */ = {
			isa = XCBuildConfiguration;
			buildSettings = {
				ALWAYS_SEARCH_USER_PATHS = NO;
				CLANG_ANALYZER_NONNULL = YES;
				CLANG_ANALYZER_NUMBER_OBJECT_CONVERSION = YES_AGGRESSIVE;
				CLANG_CXX_LANGUAGE_STANDARD = "gnu++14";
				CLANG_CXX_LIBRARY = "libc++";
				CLANG_ENABLE_MODULES = YES;
				CLANG_ENABLE_OBJC_ARC = YES;
				CLANG_ENABLE_OBJC_WEAK = YES;
				CLANG_WARN_BLOCK_CAPTURE_AUTORELEASING = YES;
				CLANG_WARN_BOOL_CONVERSION = YES;
				CLANG_WARN_COMMA = YES;
				CLANG_WARN_CONSTANT_CONVERSION = YES;
				CLANG_WARN_DEPRECATED_OBJC_IMPLEMENTATIONS = YES;
				CLANG_WARN_DIRECT_OBJC_ISA_USAGE = YES_ERROR;
				CLANG_WARN_DOCUMENTATION_COMMENTS = YES;
				CLANG_WARN_EMPTY_BODY = YES;
				CLANG_WARN_ENUM_CONVERSION = YES;
				CLANG_WARN_INFINITE_RECURSION = YES;
				CLANG_WARN_INT_CONVERSION = YES;
				CLANG_WARN_NON_LITERAL_NULL_CONVERSION = YES;
				CLANG_WARN_OBJC_IMPLICIT_RETAIN_SELF = YES;
				CLANG_WARN_OBJC_LITERAL_CONVERSION = YES;
				CLANG_WARN_OBJC_ROOT_CLASS = YES_ERROR;
				CLANG_WARN_QUOTED_INCLUDE_IN_FRAMEWORK_HEADER = YES;
				CLANG_WARN_RANGE_LOOP_ANALYSIS = YES;
				CLANG_WARN_STRICT_PROTOTYPES = YES;
				CLANG_WARN_SUSPICIOUS_MOVE = YES;
				CLANG_WARN_UNGUARDED_AVAILABILITY = YES_AGGRESSIVE;
				CLANG_WARN_UNREACHABLE_CODE = YES;
				CLANG_WARN__DUPLICATE_METHOD_MATCH = YES;
				COPY_PHASE_STRIP = NO;
				DEBUG_INFORMATION_FORMAT = "dwarf-with-dsym";
				ENABLE_NS_ASSERTIONS = NO;
				ENABLE_STRICT_OBJC_MSGSEND = YES;
				GCC_C_LANGUAGE_STANDARD = gnu11;
				GCC_NO_COMMON_BLOCKS = YES;
				GCC_WARN_64_TO_32_BIT_CONVERSION = YES;
				GCC_WARN_ABOUT_RETURN_TYPE = YES_ERROR;
				GCC_WARN_UNDECLARED_SELECTOR = YES;
				GCC_WARN_UNINITIALIZED_AUTOS = YES_AGGRESSIVE;
				GCC_WARN_UNUSED_FUNCTION = YES;
				GCC_WARN_UNUSED_VARIABLE = YES;
				IPHONEOS_DEPLOYMENT_TARGET = 13.0;
				MTL_ENABLE_DEBUG_INFO = NO;
				MTL_FAST_MATH = YES;
				SDKROOT = iphoneos;
				SWIFT_COMPILATION_MODE = wholemodule;
				SWIFT_OPTIMIZATION_LEVEL = "-O";
				VALIDATE_PRODUCT = YES;
			};
			name = Release;
		};
		FAAA4C072571202C00D42624 /* Debug */ = {
			isa = XCBuildConfiguration;
			baseConfigurationReference = D4E2B6ACF780E3C3229C281D /* Pods-Namshi.debug.xcconfig */;
			buildSettings = {
				ASSETCATALOG_COMPILER_APPICON_NAME = AppIcon;
				ASSETCATALOG_COMPILER_GLOBAL_ACCENT_COLOR_NAME = AccentColor;
				CODE_SIGN_STYLE = Automatic;
				DEVELOPMENT_TEAM = KR6V794JNC;
				INFOPLIST_FILE = Namshi/Info.plist;
				LD_RUNPATH_SEARCH_PATHS = (
					"$(inherited)",
					"@executable_path/Frameworks",
				);
				PRODUCT_BUNDLE_IDENTIFIER = co.awtg.Namshi;
				PRODUCT_NAME = "$(TARGET_NAME)";
				SWIFT_VERSION = 5.0;
				TARGETED_DEVICE_FAMILY = "1,2";
			};
			name = Debug;
		};
		FAAA4C082571202C00D42624 /* Release */ = {
			isa = XCBuildConfiguration;
			baseConfigurationReference = AAF7894903ADB7E9E685A6AA /* Pods-Namshi.release.xcconfig */;
			buildSettings = {
				ASSETCATALOG_COMPILER_APPICON_NAME = AppIcon;
				ASSETCATALOG_COMPILER_GLOBAL_ACCENT_COLOR_NAME = AccentColor;
				CODE_SIGN_STYLE = Automatic;
				DEVELOPMENT_TEAM = KR6V794JNC;
				INFOPLIST_FILE = Namshi/Info.plist;
				LD_RUNPATH_SEARCH_PATHS = (
					"$(inherited)",
					"@executable_path/Frameworks",
				);
				PRODUCT_BUNDLE_IDENTIFIER = co.awtg.Namshi;
				PRODUCT_NAME = "$(TARGET_NAME)";
				SWIFT_VERSION = 5.0;
				TARGETED_DEVICE_FAMILY = "1,2";
			};
			name = Release;
		};
		FAAA4C0A2571202C00D42624 /* Debug */ = {
			isa = XCBuildConfiguration;
			baseConfigurationReference = 8089DE1048B9D5E6F4529759 /* Pods-NamshiTests.debug.xcconfig */;
			buildSettings = {
				ALWAYS_EMBED_SWIFT_STANDARD_LIBRARIES = YES;
				BUNDLE_LOADER = "$(TEST_HOST)";
				CODE_SIGN_STYLE = Automatic;
				DEVELOPMENT_TEAM = KR6V794JNC;
				INFOPLIST_FILE = NamshiTests/Info.plist;
				IPHONEOS_DEPLOYMENT_TARGET = 14.2;
				LD_RUNPATH_SEARCH_PATHS = (
					"$(inherited)",
					"@executable_path/Frameworks",
					"@loader_path/Frameworks",
				);
				PRODUCT_BUNDLE_IDENTIFIER = co.awtg.NamshiTests;
				PRODUCT_NAME = "$(TARGET_NAME)";
				SWIFT_VERSION = 5.0;
				TARGETED_DEVICE_FAMILY = "1,2";
				TEST_HOST = "$(BUILT_PRODUCTS_DIR)/Namshi.app/Namshi";
			};
			name = Debug;
		};
		FAAA4C0B2571202C00D42624 /* Release */ = {
			isa = XCBuildConfiguration;
			baseConfigurationReference = 273CB395A9B9E3BF8E80768E /* Pods-NamshiTests.release.xcconfig */;
			buildSettings = {
				ALWAYS_EMBED_SWIFT_STANDARD_LIBRARIES = YES;
				BUNDLE_LOADER = "$(TEST_HOST)";
				CODE_SIGN_STYLE = Automatic;
				DEVELOPMENT_TEAM = KR6V794JNC;
				INFOPLIST_FILE = NamshiTests/Info.plist;
				IPHONEOS_DEPLOYMENT_TARGET = 14.2;
				LD_RUNPATH_SEARCH_PATHS = (
					"$(inherited)",
					"@executable_path/Frameworks",
					"@loader_path/Frameworks",
				);
				PRODUCT_BUNDLE_IDENTIFIER = co.awtg.NamshiTests;
				PRODUCT_NAME = "$(TARGET_NAME)";
				SWIFT_VERSION = 5.0;
				TARGETED_DEVICE_FAMILY = "1,2";
				TEST_HOST = "$(BUILT_PRODUCTS_DIR)/Namshi.app/Namshi";
			};
			name = Release;
		};
		FAAA4C0D2571202C00D42624 /* Debug */ = {
			isa = XCBuildConfiguration;
			baseConfigurationReference = 06963EF242F5E9062648CC80 /* Pods-Namshi-NamshiUITests.debug.xcconfig */;
			buildSettings = {
				ALWAYS_EMBED_SWIFT_STANDARD_LIBRARIES = YES;
				CODE_SIGN_STYLE = Automatic;
				DEVELOPMENT_TEAM = KR6V794JNC;
				INFOPLIST_FILE = NamshiUITests/Info.plist;
				LD_RUNPATH_SEARCH_PATHS = (
					"$(inherited)",
					"@executable_path/Frameworks",
					"@loader_path/Frameworks",
				);
				PRODUCT_BUNDLE_IDENTIFIER = co.awtg.NamshiUITests;
				PRODUCT_NAME = "$(TARGET_NAME)";
				SWIFT_VERSION = 5.0;
				TARGETED_DEVICE_FAMILY = "1,2";
				TEST_TARGET_NAME = Namshi;
			};
			name = Debug;
		};
		FAAA4C0E2571202C00D42624 /* Release */ = {
			isa = XCBuildConfiguration;
			baseConfigurationReference = 4E44F9D45181353F66BA0B22 /* Pods-Namshi-NamshiUITests.release.xcconfig */;
			buildSettings = {
				ALWAYS_EMBED_SWIFT_STANDARD_LIBRARIES = YES;
				CODE_SIGN_STYLE = Automatic;
				DEVELOPMENT_TEAM = KR6V794JNC;
				INFOPLIST_FILE = NamshiUITests/Info.plist;
				LD_RUNPATH_SEARCH_PATHS = (
					"$(inherited)",
					"@executable_path/Frameworks",
					"@loader_path/Frameworks",
				);
				PRODUCT_BUNDLE_IDENTIFIER = co.awtg.NamshiUITests;
				PRODUCT_NAME = "$(TARGET_NAME)";
				SWIFT_VERSION = 5.0;
				TARGETED_DEVICE_FAMILY = "1,2";
				TEST_TARGET_NAME = Namshi;
			};
			name = Release;
		};
/* End XCBuildConfiguration section */

/* Begin XCConfigurationList section */
		FAAA4BD72571202A00D42624 /* Build configuration list for PBXProject "Namshi" */ = {
			isa = XCConfigurationList;
			buildConfigurations = (
				FAAA4C042571202C00D42624 /* Debug */,
				FAAA4C052571202C00D42624 /* Release */,
			);
			defaultConfigurationIsVisible = 0;
			defaultConfigurationName = Release;
		};
		FAAA4C062571202C00D42624 /* Build configuration list for PBXNativeTarget "Namshi" */ = {
			isa = XCConfigurationList;
			buildConfigurations = (
				FAAA4C072571202C00D42624 /* Debug */,
				FAAA4C082571202C00D42624 /* Release */,
			);
			defaultConfigurationIsVisible = 0;
			defaultConfigurationName = Release;
		};
		FAAA4C092571202C00D42624 /* Build configuration list for PBXNativeTarget "NamshiTests" */ = {
			isa = XCConfigurationList;
			buildConfigurations = (
				FAAA4C0A2571202C00D42624 /* Debug */,
				FAAA4C0B2571202C00D42624 /* Release */,
			);
			defaultConfigurationIsVisible = 0;
			defaultConfigurationName = Release;
		};
		FAAA4C0C2571202C00D42624 /* Build configuration list for PBXNativeTarget "NamshiUITests" */ = {
			isa = XCConfigurationList;
			buildConfigurations = (
				FAAA4C0D2571202C00D42624 /* Debug */,
				FAAA4C0E2571202C00D42624 /* Release */,
			);
			defaultConfigurationIsVisible = 0;
			defaultConfigurationName = Release;
		};
/* End XCConfigurationList section */
	};
	rootObject = FAAA4BD42571202A00D42624 /* Project object */;
}
